
Microsoft Visual Studio Solution File, Format Version 12.00
# Visual Studio Version 16
VisualStudioVersion = 16.0.31402.337
MinimumVisualStudioVersion = 10.0.40219.1
Project("{FAE04EC0-301F-11D3-BF4B-00C04F79EFBC}") = "301.Практическая 2", "301.Практическая 2.csproj", "{EAED0877-0073-49D6-884C-A3E534B82682}"
EndProject
Global
	GlobalSection(SolutionConfigurationPlatforms) = preSolution
		Debug|Any CPU = Debug|Any CPU
		Release|Any CPU = Release|Any CPU
	EndGlobalSection
	GlobalSection(ProjectConfigurationPlatforms) = postSolution
		{EAED0877-0073-49D6-884C-A3E534B82682}.Debug|Any CPU.ActiveCfg = Debug|Any CPU
		{EAED0877-0073-49D6-884C-A3E534B82682}.Debug|Any CPU.Build.0 = Debug|Any CPU
		{EAED0877-0073-49D6-884C-A3E534B82682}.Release|Any CPU.ActiveCfg = Release|Any CPU
		{EAED0877-0073-49D6-884C-A3E534B82682}.Release|Any CPU.Build.0 = Release|Any CPU
	EndGlobalSection
	GlobalSection(SolutionProperties) = preSolution
		HideSolutionNode = FALSE
	EndGlobalSection
	GlobalSection(ExtensibilityGlobals) = postSolution
		SolutionGuid = {DD22E044-259B-4A5C-BDFA-38D3E8D7647C}
	EndGlobalSection
EndGlobal
